// !$*UTF8*$!
{
	archiveVersion = 1;
	classes = {
	};
	objectVersion = 50;
	objects = {

/* Begin PBXBuildFile section */
		14213A96248514E1001F5E47 /* AppDelegate.swift in Sources */ = {isa = PBXBuildFile; fileRef = 14213A95248514E1001F5E47 /* AppDelegate.swift */; };
		14213A98248514E1001F5E47 /* SceneDelegate.swift in Sources */ = {isa = PBXBuildFile; fileRef = 14213A97248514E1001F5E47 /* SceneDelegate.swift */; };
		14213A9A248514E1001F5E47 /* ViewController.swift in Sources */ = {isa = PBXBuildFile; fileRef = 14213A99248514E1001F5E47 /* ViewController.swift */; };
		14213A9D248514E1001F5E47 /* Main.storyboard in Resources */ = {isa = PBXBuildFile; fileRef = 14213A9B248514E1001F5E47 /* Main.storyboard */; };
		14213A9F248514E2001F5E47 /* Assets.xcassets in Resources */ = {isa = PBXBuildFile; fileRef = 14213A9E248514E2001F5E47 /* Assets.xcassets */; };
		14213AA2248514E2001F5E47 /* LaunchScreen.storyboard in Resources */ = {isa = PBXBuildFile; fileRef = 14213AA0248514E2001F5E47 /* LaunchScreen.storyboard */; };
		14213AAD248514E2001F5E47 /* unitTestProjectTests.swift in Sources */ = {isa = PBXBuildFile; fileRef = 14213AAC248514E2001F5E47 /* unitTestProjectTests.swift */; };
		14213AB8248514E2001F5E47 /* unitTestProjectUITests.swift in Sources */ = {isa = PBXBuildFile; fileRef = 14213AB7248514E2001F5E47 /* unitTestProjectUITests.swift */; };
/* End PBXBuildFile section */

/* Begin PBXContainerItemProxy section */
		14213AA9248514E2001F5E47 /* PBXContainerItemProxy */ = {
			isa = PBXContainerItemProxy;
			containerPortal = 14213A8A248514E1001F5E47 /* Project object */;
			proxyType = 1;
			remoteGlobalIDString = 14213A91248514E1001F5E47;
			remoteInfo = unitTestProject;
		};
		14213AB4248514E2001F5E47 /* PBXContainerItemProxy */ = {
			isa = PBXContainerItemProxy;
			containerPortal = 14213A8A248514E1001F5E47 /* Project object */;
			proxyType = 1;
			remoteGlobalIDString = 14213A91248514E1001F5E47;
			remoteInfo = unitTestProject;
		};
/* End PBXContainerItemProxy section */

/* Begin PBXFileReference section */
		14213A92248514E1001F5E47 /* unitTestProject.app */ = {isa = PBXFileReference; explicitFileType = wrapper.application; includeInIndex = 0; path = unitTestProject.app; sourceTree = BUILT_PRODUCTS_DIR; };
		14213A95248514E1001F5E47 /* AppDelegate.swift */ = {isa = PBXFileReference; lastKnownFileType = sourcecode.swift; path = AppDelegate.swift; sourceTree = "<group>"; };
		14213A97248514E1001F5E47 /* SceneDelegate.swift */ = {isa = PBXFileReference; lastKnownFileType = sourcecode.swift; path = SceneDelegate.swift; sourceTree = "<group>"; };
		14213A99248514E1001F5E47 /* ViewController.swift */ = {isa = PBXFileReference; lastKnownFileType = sourcecode.swift; path = ViewController.swift; sourceTree = "<group>"; };
		14213A9C248514E1001F5E47 /* Base */ = {isa = PBXFileReference; lastKnownFileType = file.storyboard; name = Base; path = Base.lproj/Main.storyboard; sourceTree = "<group>"; };
		14213A9E248514E2001F5E47 /* Assets.xcassets */ = {isa = PBXFileReference; lastKnownFileType = folder.assetcatalog; path = Assets.xcassets; sourceTree = "<group>"; };
		14213AA1248514E2001F5E47 /* Base */ = {isa = PBXFileReference; lastKnownFileType = file.storyboard; name = Base; path = Base.lproj/LaunchScreen.storyboard; sourceTree = "<group>"; };
		14213AA3248514E2001F5E47 /* Info.plist */ = {isa = PBXFileReference; lastKnownFileType = text.plist.xml; path = Info.plist; sourceTree = "<group>"; };
		14213AA8248514E2001F5E47 /* unitTestProjectTests.xctest */ = {isa = PBXFileReference; explicitFileType = wrapper.cfbundle; includeInIndex = 0; path = unitTestProjectTests.xctest; sourceTree = BUILT_PRODUCTS_DIR; };
		14213AAC248514E2001F5E47 /* unitTestProjectTests.swift */ = {isa = PBXFileReference; lastKnownFileType = sourcecode.swift; path = unitTestProjectTests.swift; sourceTree = "<group>"; };
		14213AAE248514E2001F5E47 /* Info.plist */ = {isa = PBXFileReference; lastKnownFileType = text.plist.xml; path = Info.plist; sourceTree = "<group>"; };
		14213AB3248514E2001F5E47 /* unitTestProjectUITests.xctest */ = {isa = PBXFileReference; explicitFileType = wrapper.cfbundle; includeInIndex = 0; path = unitTestProjectUITests.xctest; sourceTree = BUILT_PRODUCTS_DIR; };
		14213AB7248514E2001F5E47 /* unitTestProjectUITests.swift */ = {isa = PBXFileReference; lastKnownFileType = sourcecode.swift; path = unitTestProjectUITests.swift; sourceTree = "<group>"; };
		14213AB9248514E2001F5E47 /* Info.plist */ = {isa = PBXFileReference; lastKnownFileType = text.plist.xml; path = Info.plist; sourceTree = "<group>"; };
/* End PBXFileReference section */

/* Begin PBXFrameworksBuildPhase section */
		14213A8F248514E1001F5E47 /* Frameworks */ = {
			isa = PBXFrameworksBuildPhase;
			buildActionMask = 2147483647;
			files = (
			);
			runOnlyForDeploymentPostprocessing = 0;
		};
		14213AA5248514E2001F5E47 /* Frameworks */ = {
			isa = PBXFrameworksBuildPhase;
			buildActionMask = 2147483647;
			files = (
			);
			runOnlyForDeploymentPostprocessing = 0;
		};
		14213AB0248514E2001F5E47 /* Frameworks */ = {
			isa = PBXFrameworksBuildPhase;
			buildActionMask = 2147483647;
			files = (
			);
			runOnlyForDeploymentPostprocessing = 0;
		};
/* End PBXFrameworksBuildPhase section */

/* Begin PBXGroup section */
		14213A89248514E1001F5E47 = {
			isa = PBXGroup;
			children = (
				14213A94248514E1001F5E47 /* unitTestProject */,
				14213AAB248514E2001F5E47 /* unitTestProjectTests */,
				14213AB6248514E2001F5E47 /* unitTestProjectUITests */,
				14213A93248514E1001F5E47 /* Products */,
			);
			sourceTree = "<group>";
		};
		14213A93248514E1001F5E47 /* Products */ = {
			isa = PBXGroup;
			children = (
				14213A92248514E1001F5E47 /* unitTestProject.app */,
				14213AA8248514E2001F5E47 /* unitTestProjectTests.xctest */,
				14213AB3248514E2001F5E47 /* unitTestProjectUITests.xctest */,
			);
			name = Products;
			sourceTree = "<group>";
		};
		14213A94248514E1001F5E47 /* unitTestProject */ = {
			isa = PBXGroup;
			children = (
				14213AC92485154F001F5E47 /* Classes */,
				14213A95248514E1001F5E47 /* AppDelegate.swift */,
				14213A97248514E1001F5E47 /* SceneDelegate.swift */,
				14213A99248514E1001F5E47 /* ViewController.swift */,
				14213A9B248514E1001F5E47 /* Main.storyboard */,
				14213A9E248514E2001F5E47 /* Assets.xcassets */,
				14213AA0248514E2001F5E47 /* LaunchScreen.storyboard */,
				14213AA3248514E2001F5E47 /* Info.plist */,
			);
			path = unitTestProject;
			sourceTree = "<group>";
		};
		14213AAB248514E2001F5E47 /* unitTestProjectTests */ = {
			isa = PBXGroup;
			children = (
				14213AAC248514E2001F5E47 /* unitTestProjectTests.swift */,
				14213AAE248514E2001F5E47 /* Info.plist */,
			);
			path = unitTestProjectTests;
			sourceTree = "<group>";
		};
		14213AB6248514E2001F5E47 /* unitTestProjectUITests */ = {
			isa = PBXGroup;
			children = (
				14213AB7248514E2001F5E47 /* unitTestProjectUITests.swift */,
				14213AB9248514E2001F5E47 /* Info.plist */,
			);
			path = unitTestProjectUITests;
			sourceTree = "<group>";
		};
		14213AC92485154F001F5E47 /* Classes */ = {
			isa = PBXGroup;
			children = (
			);
			path = Classes;
			sourceTree = "<group>";
		};
/* End PBXGroup section */

/* Begin PBXNativeTarget section */
		14213A91248514E1001F5E47 /* unitTestProject */ = {
			isa = PBXNativeTarget;
			buildConfigurationList = 14213ABC248514E2001F5E47 /* Build configuration list for PBXNativeTarget "unitTestProject" */;
			buildPhases = (
				14213A8E248514E1001F5E47 /* Sources */,
				14213A8F248514E1001F5E47 /* Frameworks */,
				14213A90248514E1001F5E47 /* Resources */,
			);
			buildRules = (
			);
			dependencies = (
			);
			name = unitTestProject;
			productName = unitTestProject;
			productReference = 14213A92248514E1001F5E47 /* unitTestProject.app */;
			productType = "com.apple.product-type.application";
		};
		14213AA7248514E2001F5E47 /* unitTestProjectTests */ = {
			isa = PBXNativeTarget;
			buildConfigurationList = 14213ABF248514E2001F5E47 /* Build configuration list for PBXNativeTarget "unitTestProjectTests" */;
			buildPhases = (
				14213AA4248514E2001F5E47 /* Sources */,
				14213AA5248514E2001F5E47 /* Frameworks */,
				14213AA6248514E2001F5E47 /* Resources */,
			);
			buildRules = (
			);
			dependencies = (
				14213AAA248514E2001F5E47 /* PBXTargetDependency */,
			);
			name = unitTestProjectTests;
			productName = unitTestProjectTests;
			productReference = 14213AA8248514E2001F5E47 /* unitTestProjectTests.xctest */;
			productType = "com.apple.product-type.bundle.unit-test";
		};
		14213AB2248514E2001F5E47 /* unitTestProjectUITests */ = {
			isa = PBXNativeTarget;
			buildConfigurationList = 14213AC2248514E2001F5E47 /* Build configuration list for PBXNativeTarget "unitTestProjectUITests" */;
			buildPhases = (
				14213AAF248514E2001F5E47 /* Sources */,
				14213AB0248514E2001F5E47 /* Frameworks */,
				14213AB1248514E2001F5E47 /* Resources */,
			);
			buildRules = (
			);
			dependencies = (
				14213AB5248514E2001F5E47 /* PBXTargetDependency */,
			);
			name = unitTestProjectUITests;
			productName = unitTestProjectUITests;
			productReference = 14213AB3248514E2001F5E47 /* unitTestProjectUITests.xctest */;
			productType = "com.apple.product-type.bundle.ui-testing";
		};
/* End PBXNativeTarget section */

/* Begin PBXProject section */
		14213A8A248514E1001F5E47 /* Project object */ = {
			isa = PBXProject;
			attributes = {
				LastSwiftUpdateCheck = 1100;
				LastUpgradeCheck = 1100;
				ORGANIZATIONNAME = "Сергей Бондарчук";
				TargetAttributes = {
					14213A91248514E1001F5E47 = {
						CreatedOnToolsVersion = 11.0;
					};
					14213AA7248514E2001F5E47 = {
						CreatedOnToolsVersion = 11.0;
						TestTargetID = 14213A91248514E1001F5E47;
					};
					14213AB2248514E2001F5E47 = {
						CreatedOnToolsVersion = 11.0;
						TestTargetID = 14213A91248514E1001F5E47;
					};
				};
			};
			buildConfigurationList = 14213A8D248514E1001F5E47 /* Build configuration list for PBXProject "unitTestProject" */;
			compatibilityVersion = "Xcode 9.3";
			developmentRegion = en;
			hasScannedForEncodings = 0;
			knownRegions = (
				en,
				Base,
			);
			mainGroup = 14213A89248514E1001F5E47;
			productRefGroup = 14213A93248514E1001F5E47 /* Products */;
			projectDirPath = "";
			projectRoot = "";
			targets = (
				14213A91248514E1001F5E47 /* unitTestProject */,
				14213AA7248514E2001F5E47 /* unitTestProjectTests */,
				14213AB2248514E2001F5E47 /* unitTestProjectUITests */,
			);
		};
/* End PBXProject section */

/* Begin PBXResourcesBuildPhase section */
		14213A90248514E1001F5E47 /* Resources */ = {
			isa = PBXResourcesBuildPhase;
			buildActionMask = 2147483647;
			files = (
				14213AA2248514E2001F5E47 /* LaunchScreen.storyboard in Resources */,
				14213A9F248514E2001F5E47 /* Assets.xcassets in Resources */,
				14213A9D248514E1001F5E47 /* Main.storyboard in Resources */,
			);
			runOnlyForDeploymentPostprocessing = 0;
		};
		14213AA6248514E2001F5E47 /* Resources */ = {
			isa = PBXResourcesBuildPhase;
			buildActionMask = 2147483647;
			files = (
			);
			runOnlyForDeploymentPostprocessing = 0;
		};
		14213AB1248514E2001F5E47 /* Resources */ = {
			isa = PBXResourcesBuildPhase;
			buildActionMask = 2147483647;
			files = (
			);
			runOnlyForDeploymentPostprocessing = 0;
		};
/* End PBXResourcesBuildPhase section */

/* Begin PBXSourcesBuildPhase section */
		14213A8E248514E1001F5E47 /* Sources */ = {
			isa = PBXSourcesBuildPhase;
			buildActionMask = 2147483647;
			files = (
				14213A9A248514E1001F5E47 /* ViewController.swift in Sources */,
				14213A96248514E1001F5E47 /* AppDelegate.swift in Sources */,
				14213A98248514E1001F5E47 /* SceneDelegate.swift in Sources */,
			);
			runOnlyForDeploymentPostprocessing = 0;
		};
		14213AA4248514E2001F5E47 /* Sources */ = {
			isa = PBXSourcesBuildPhase;
			buildActionMask = 2147483647;
			files = (
				14213AAD248514E2001F5E47 /* unitTestProjectTests.swift in Sources */,
			);
			runOnlyForDeploymentPostprocessing = 0;
		};
		14213AAF248514E2001F5E47 /* Sources */ = {
			isa = PBXSourcesBuildPhase;
			buildActionMask = 2147483647;
			files = (
				14213AB8248514E2001F5E47 /* unitTestProjectUITests.swift in Sources */,
			);
			runOnlyForDeploymentPostprocessing = 0;
		};
/* End PBXSourcesBuildPhase section */

/* Begin PBXTargetDependency section */
		14213AAA248514E2001F5E47 /* PBXTargetDependency */ = {
			isa = PBXTargetDependency;
			target = 14213A91248514E1001F5E47 /* unitTestProject */;
			targetProxy = 14213AA9248514E2001F5E47 /* PBXContainerItemProxy */;
		};
		14213AB5248514E2001F5E47 /* PBXTargetDependency */ = {
			isa = PBXTargetDependency;
			target = 14213A91248514E1001F5E47 /* unitTestProject */;
			targetProxy = 14213AB4248514E2001F5E47 /* PBXContainerItemProxy */;
		};
/* End PBXTargetDependency section */

/* Begin PBXVariantGroup section */
		14213A9B248514E1001F5E47 /* Main.storyboard */ = {
			isa = PBXVariantGroup;
			children = (
				14213A9C248514E1001F5E47 /* Base */,
			);
			name = Main.storyboard;
			sourceTree = "<group>";
		};
		14213AA0248514E2001F5E47 /* LaunchScreen.storyboard */ = {
			isa = PBXVariantGroup;
			children = (
				14213AA1248514E2001F5E47 /* Base */,
			);
			name = LaunchScreen.storyboard;
			sourceTree = "<group>";
		};
/* End PBXVariantGroup section */

/* Begin XCBuildConfiguration section */
		14213ABA248514E2001F5E47 /* Debug */ = {
			isa = XCBuildConfiguration;
			buildSettings = {
				ALWAYS_SEARCH_USER_PATHS = NO;
				CLANG_ANALYZER_NONNULL = YES;
				CLANG_ANALYZER_NUMBER_OBJECT_CONVERSION = YES_AGGRESSIVE;
				CLANG_CXX_LANGUAGE_STANDARD = "gnu++14";
				CLANG_CXX_LIBRARY = "libc++";
				CLANG_ENABLE_MODULES = YES;
				CLANG_ENABLE_OBJC_ARC = YES;
				CLANG_ENABLE_OBJC_WEAK = YES;
				CLANG_WARN_BLOCK_CAPTURE_AUTORELEASING = YES;
				CLANG_WARN_BOOL_CONVERSION = YES;
				CLANG_WARN_COMMA = YES;
				CLANG_WARN_CONSTANT_CONVERSION = YES;
				CLANG_WARN_DEPRECATED_OBJC_IMPLEMENTATIONS = YES;
				CLANG_WARN_DIRECT_OBJC_ISA_USAGE = YES_ERROR;
				CLANG_WARN_DOCUMENTATION_COMMENTS = YES;
				CLANG_WARN_EMPTY_BODY = YES;
				CLANG_WARN_ENUM_CONVERSION = YES;
				CLANG_WARN_INFINITE_RECURSION = YES;
				CLANG_WARN_INT_CONVERSION = YES;
				CLANG_WARN_NON_LITERAL_NULL_CONVERSION = YES;
				CLANG_WARN_OBJC_IMPLICIT_RETAIN_SELF = YES;
				CLANG_WARN_OBJC_LITERAL_CONVERSION = YES;
				CLANG_WARN_OBJC_ROOT_CLASS = YES_ERROR;
				CLANG_WARN_RANGE_LOOP_ANALYSIS = YES;
				CLANG_WARN_STRICT_PROTOTYPES = YES;
				CLANG_WARN_SUSPICIOUS_MOVE = YES;
				CLANG_WARN_UNGUARDED_AVAILABILITY = YES_AGGRESSIVE;
				CLANG_WARN_UNREACHABLE_CODE = YES;
				CLANG_WARN__DUPLICATE_METHOD_MATCH = YES;
				COPY_PHASE_STRIP = NO;
				DEBUG_INFORMATION_FORMAT = dwarf;
				ENABLE_STRICT_OBJC_MSGSEND = YES;
				ENABLE_TESTABILITY = YES;
				GCC_C_LANGUAGE_STANDARD = gnu11;
				GCC_DYNAMIC_NO_PIC = NO;
				GCC_NO_COMMON_BLOCKS = YES;
				GCC_OPTIMIZATION_LEVEL = 0;
				GCC_PREPROCESSOR_DEFINITIONS = (
					"DEBUG=1",
					"$(inherited)",
				);
				GCC_WARN_64_TO_32_BIT_CONVERSION = YES;
				GCC_WARN_ABOUT_RETURN_TYPE = YES_ERROR;
				GCC_WARN_UNDECLARED_SELECTOR = YES;
				GCC_WARN_UNINITIALIZED_AUTOS = YES_AGGRESSIVE;
				GCC_WARN_UNUSED_FUNCTION = YES;
				GCC_WARN_UNUSED_VARIABLE = YES;
				IPHONEOS_DEPLOYMENT_TARGET = 13.0;
				MTL_ENABLE_DEBUG_INFO = INCLUDE_SOURCE;
				MTL_FAST_MATH = YES;
				ONLY_ACTIVE_ARCH = YES;
				SDKROOT = iphoneos;
				SWIFT_ACTIVE_COMPILATION_CONDITIONS = DEBUG;
				SWIFT_OPTIMIZATION_LEVEL = "-Onone";
			};
			name = Debug;
		};
		14213ABB248514E2001F5E47 /* Release */ = {
			isa = XCBuildConfiguration;
			buildSettings = {
				ALWAYS_SEARCH_USER_PATHS = NO;
				CLANG_ANALYZER_NONNULL = YES;
				CLANG_ANALYZER_NUMBER_OBJECT_CONVERSION = YES_AGGRESSIVE;
				CLANG_CXX_LANGUAGE_STANDARD = "gnu++14";
				CLANG_CXX_LIBRARY = "libc++";
				CLANG_ENABLE_MODULES = YES;
				CLANG_ENABLE_OBJC_ARC = YES;
				CLANG_ENABLE_OBJC_WEAK = YES;
				CLANG_WARN_BLOCK_CAPTURE_AUTORELEASING = YES;
				CLANG_WARN_BOOL_CONVERSION = YES;
				CLANG_WARN_COMMA = YES;
				CLANG_WARN_CONSTANT_CONVERSION = YES;
				CLANG_WARN_DEPRECATED_OBJC_IMPLEMENTATIONS = YES;
				CLANG_WARN_DIRECT_OBJC_ISA_USAGE = YES_ERROR;
				CLANG_WARN_DOCUMENTATION_COMMENTS = YES;
				CLANG_WARN_EMPTY_BODY = YES;
				CLANG_WARN_ENUM_CONVERSION = YES;
				CLANG_WARN_INFINITE_RECURSION = YES;
				CLANG_WARN_INT_CONVERSION = YES;
				CLANG_WARN_NON_LITERAL_NULL_CONVERSION = YES;
				CLANG_WARN_OBJC_IMPLICIT_RETAIN_SELF = YES;
				CLANG_WARN_OBJC_LITERAL_CONVERSION = YES;
				CLANG_WARN_OBJC_ROOT_CLASS = YES_ERROR;
				CLANG_WARN_RANGE_LOOP_ANALYSIS = YES;
				CLANG_WARN_STRICT_PROTOTYPES = YES;
				CLANG_WARN_SUSPICIOUS_MOVE = YES;
				CLANG_WARN_UNGUARDED_AVAILABILITY = YES_AGGRESSIVE;
				CLANG_WARN_UNREACHABLE_CODE = YES;
				CLANG_WARN__DUPLICATE_METHOD_MATCH = YES;
				COPY_PHASE_STRIP = NO;
				DEBUG_INFORMATION_FORMAT = "dwarf-with-dsym";
				ENABLE_NS_ASSERTIONS = NO;
				ENABLE_STRICT_OBJC_MSGSEND = YES;
				GCC_C_LANGUAGE_STANDARD = gnu11;
				GCC_NO_COMMON_BLOCKS = YES;
				GCC_WARN_64_TO_32_BIT_CONVERSION = YES;
				GCC_WARN_ABOUT_RETURN_TYPE = YES_ERROR;
				GCC_WARN_UNDECLARED_SELECTOR = YES;
				GCC_WARN_UNINITIALIZED_AUTOS = YES_AGGRESSIVE;
				GCC_WARN_UNUSED_FUNCTION = YES;
				GCC_WARN_UNUSED_VARIABLE = YES;
				IPHONEOS_DEPLOYMENT_TARGET = 13.0;
				MTL_ENABLE_DEBUG_INFO = NO;
				MTL_FAST_MATH = YES;
				SDKROOT = iphoneos;
				SWIFT_COMPILATION_MODE = wholemodule;
				SWIFT_OPTIMIZATION_LEVEL = "-O";
				VALIDATE_PRODUCT = YES;
			};
			name = Release;
		};
		14213ABD248514E2001F5E47 /* Debug */ = {
			isa = XCBuildConfiguration;
			buildSettings = {
				ASSETCATALOG_COMPILER_APPICON_NAME = AppIcon;
				CODE_SIGN_STYLE = Automatic;
				INFOPLIST_FILE = unitTestProject/Info.plist;
				LD_RUNPATH_SEARCH_PATHS = (
					"$(inherited)",
					"@executable_path/Frameworks",
				);
				PRODUCT_BUNDLE_IDENTIFIER = com.Sergey.Bondarchuk.unitTestProject;
				PRODUCT_NAME = "$(TARGET_NAME)";
				SWIFT_VERSION = 5.0;
				TARGETED_DEVICE_FAMILY = "1,2";
			};
			name = Debug;
		};
		14213ABE248514E2001F5E47 /* Release */ = {
			isa = XCBuildConfiguration;
			buildSettings = {
				ASSETCATALOG_COMPILER_APPICON_NAME = AppIcon;
				CODE_SIGN_STYLE = Automatic;
				INFOPLIST_FILE = unitTestProject/Info.plist;
				LD_RUNPATH_SEARCH_PATHS = (
					"$(inherited)",
					"@executable_path/Frameworks",
				);
				PRODUCT_BUNDLE_IDENTIFIER = com.Sergey.Bondarchuk.unitTestProject;
				PRODUCT_NAME = "$(TARGET_NAME)";
				SWIFT_VERSION = 5.0;
				TARGETED_DEVICE_FAMILY = "1,2";
			};
			name = Release;
		};
		14213AC0248514E2001F5E47 /* Debug */ = {
			isa = XCBuildConfiguration;
			buildSettings = {
				ALWAYS_EMBED_SWIFT_STANDARD_LIBRARIES = YES;
				BUNDLE_LOADER = "$(TEST_HOST)";
				CODE_SIGN_STYLE = Automatic;
				INFOPLIST_FILE = unitTestProjectTests/Info.plist;
				IPHONEOS_DEPLOYMENT_TARGET = 13.0;
				LD_RUNPATH_SEARCH_PATHS = (
					"$(inherited)",
					"@executable_path/Frameworks",
					"@loader_path/Frameworks",
				);
				PRODUCT_BUNDLE_IDENTIFIER = com.Sergey.Bondarchuk.unitTestProjectTests;
				PRODUCT_NAME = "$(TARGET_NAME)";
				SWIFT_VERSION = 5.0;
				TARGETED_DEVICE_FAMILY = "1,2";
				TEST_HOST = "$(BUILT_PRODUCTS_DIR)/unitTestProject.app/unitTestProject";
			};
			name = Debug;
		};
		14213AC1248514E2001F5E47 /* Release */ = {
			isa = XCBuildConfiguration;
			buildSettings = {
				ALWAYS_EMBED_SWIFT_STANDARD_LIBRARIES = YES;
				BUNDLE_LOADER = "$(TEST_HOST)";
				CODE_SIGN_STYLE = Automatic;
				INFOPLIST_FILE = unitTestProjectTests/Info.plist;
				IPHONEOS_DEPLOYMENT_TARGET = 13.0;
				LD_RUNPATH_SEARCH_PATHS = (
					"$(inherited)",
					"@executable_path/Frameworks",
					"@loader_path/Frameworks",
				);
				PRODUCT_BUNDLE_IDENTIFIER = com.Sergey.Bondarchuk.unitTestProjectTests;
				PRODUCT_NAME = "$(TARGET_NAME)";
				SWIFT_VERSION = 5.0;
				TARGETED_DEVICE_FAMILY = "1,2";
				TEST_HOST = "$(BUILT_PRODUCTS_DIR)/unitTestProject.app/unitTestProject";
			};
			name = Release;
		};
		14213AC3248514E2001F5E47 /* Debug */ = {
			isa = XCBuildConfiguration;
			buildSettings = {
				ALWAYS_EMBED_SWIFT_STANDARD_LIBRARIES = YES;
				CODE_SIGN_STYLE = Automatic;
				INFOPLIST_FILE = unitTestProjectUITests/Info.plist;
				LD_RUNPATH_SEARCH_PATHS = (
					"$(inherited)",
					"@executable_path/Frameworks",
					"@loader_path/Frameworks",
				);
				PRODUCT_BUNDLE_IDENTIFIER = com.Sergey.Bondarchuk.unitTestProjectUITests;
				PRODUCT_NAME = "$(TARGET_NAME)";
				SWIFT_VERSION = 5.0;
				TARGETED_DEVICE_FAMILY = "1,2";
				TEST_TARGET_NAME = unitTestProject;
			};
			name = Debug;
		};
		14213AC4248514E2001F5E47 /* Release */ = {
			isa = XCBuildConfiguration;
			buildSettings = {
				ALWAYS_EMBED_SWIFT_STANDARD_LIBRARIES = YES;
				CODE_SIGN_STYLE = Automatic;
				INFOPLIST_FILE = unitTestProjectUITests/Info.plist;
				LD_RUNPATH_SEARCH_PATHS = (
					"$(inherited)",
					"@executable_path/Frameworks",
					"@loader_path/Frameworks",
				);
				PRODUCT_BUNDLE_IDENTIFIER = com.Sergey.Bondarchuk.unitTestProjectUITests;
				PRODUCT_NAME = "$(TARGET_NAME)";
				SWIFT_VERSION = 5.0;
				TARGETED_DEVICE_FAMILY = "1,2";
				TEST_TARGET_NAME = unitTestProject;
			};
			name = Release;
		};
/* End XCBuildConfiguration section */

/* Begin XCConfigurationList section */
		14213A8D248514E1001F5E47 /* Build configuration list for PBXProject "unitTestProject" */ = {
			isa = XCConfigurationList;
			buildConfigurations = (
				14213ABA248514E2001F5E47 /* Debug */,
				14213ABB248514E2001F5E47 /* Release */,
			);
			defaultConfigurationIsVisible = 0;
			defaultConfigurationName = Release;
		};
		14213ABC248514E2001F5E47 /* Build configuration list for PBXNativeTarget "unitTestProject" */ = {
			isa = XCConfigurationList;
			buildConfigurations = (
				14213ABD248514E2001F5E47 /* Debug */,
				14213ABE248514E2001F5E47 /* Release */,
			);
			defaultConfigurationIsVisible = 0;
			defaultConfigurationName = Release;
		};
		14213ABF248514E2001F5E47 /* Build configuration list for PBXNativeTarget "unitTestProjectTests" */ = {
			isa = XCConfigurationList;
			buildConfigurations = (
				14213AC0248514E2001F5E47 /* Debug */,
				14213AC1248514E2001F5E47 /* Release */,
			);
			defaultConfigurationIsVisible = 0;
			defaultConfigurationName = Release;
		};
		14213AC2248514E2001F5E47 /* Build configuration list for PBXNativeTarget "unitTestProjectUITests" */ = {
			isa = XCConfigurationList;
			buildConfigurations = (
				14213AC3248514E2001F5E47 /* Debug */,
				14213AC4248514E2001F5E47 /* Release */,
			);
			defaultConfigurationIsVisible = 0;
			defaultConfigurationName = Release;
		};
/* End XCConfigurationList section */
	};
	rootObject = 14213A8A248514E1001F5E47 /* Project object */;
}
